// !$*UTF8*$!
{
	archiveVersion = 1;
	classes = {
	};
	objectVersion = 46;
	objects = {

/* Begin PBXBuildFile section */
		D72F1C7A1DCF431800B29E41 /* main.m in Sources */ = {isa = PBXBuildFile; fileRef = D72F1C791DCF431800B29E41 /* main.m */; };
		D72F1C7D1DCF431800B29E41 /* AppDelegate.m in Sources */ = {isa = PBXBuildFile; fileRef = D72F1C7C1DCF431800B29E41 /* AppDelegate.m */; };
		D72F1C801DCF431800B29E41 /* ViewController.m in Sources */ = {isa = PBXBuildFile; fileRef = D72F1C7F1DCF431800B29E41 /* ViewController.m */; };
		D72F1C831DCF431800B29E41 /* Main.storyboard in Resources */ = {isa = PBXBuildFile; fileRef = D72F1C811DCF431800B29E41 /* Main.storyboard */; };
		D72F1C851DCF431800B29E41 /* Assets.xcassets in Resources */ = {isa = PBXBuildFile; fileRef = D72F1C841DCF431800B29E41 /* Assets.xcassets */; };
		D72F1C881DCF431800B29E41 /* LaunchScreen.storyboard in Resources */ = {isa = PBXBuildFile; fileRef = D72F1C861DCF431800B29E41 /* LaunchScreen.storyboard */; };
		D72F1C911DCF7EAE00B29E41 /* MSGeneralTableViewCell.m in Sources */ = {isa = PBXBuildFile; fileRef = D72F1C901DCF7EAE00B29E41 /* MSGeneralTableViewCell.m */; };
		D72F1C941DCF8A4800B29E41 /* MSDataListViewController.m in Sources */ = {isa = PBXBuildFile; fileRef = D72F1C931DCF8A4800B29E41 /* MSDataListViewController.m */; };
		D72F1C971DCF8C7A00B29E41 /* MSDataListTableViewCell.m in Sources */ = {isa = PBXBuildFile; fileRef = D72F1C961DCF8C7A00B29E41 /* MSDataListTableViewCell.m */; };
/* End PBXBuildFile section */

/* Begin PBXFileReference section */
		D72F1C751DCF431800B29E41 /* UITableViewUsage.app */ = {isa = PBXFileReference; explicitFileType = wrapper.application; includeInIndex = 0; path = UITableViewUsage.app; sourceTree = BUILT_PRODUCTS_DIR; };
		D72F1C791DCF431800B29E41 /* main.m */ = {isa = PBXFileReference; lastKnownFileType = sourcecode.c.objc; path = main.m; sourceTree = "<group>"; };
		D72F1C7B1DCF431800B29E41 /* AppDelegate.h */ = {isa = PBXFileReference; lastKnownFileType = sourcecode.c.h; path = AppDelegate.h; sourceTree = "<group>"; };
		D72F1C7C1DCF431800B29E41 /* AppDelegate.m */ = {isa = PBXFileReference; lastKnownFileType = sourcecode.c.objc; path = AppDelegate.m; sourceTree = "<group>"; };
		D72F1C7E1DCF431800B29E41 /* ViewController.h */ = {isa = PBXFileReference; lastKnownFileType = sourcecode.c.h; path = ViewController.h; sourceTree = "<group>"; };
		D72F1C7F1DCF431800B29E41 /* ViewController.m */ = {isa = PBXFileReference; lastKnownFileType = sourcecode.c.objc; path = ViewController.m; sourceTree = "<group>"; };
		D72F1C821DCF431800B29E41 /* Base */ = {isa = PBXFileReference; lastKnownFileType = file.storyboard; name = Base; path = Base.lproj/Main.storyboard; sourceTree = "<group>"; };
		D72F1C841DCF431800B29E41 /* Assets.xcassets */ = {isa = PBXFileReference; lastKnownFileType = folder.assetcatalog; path = Assets.xcassets; sourceTree = "<group>"; };
		D72F1C871DCF431800B29E41 /* Base */ = {isa = PBXFileReference; lastKnownFileType = file.storyboard; name = Base; path = Base.lproj/LaunchScreen.storyboard; sourceTree = "<group>"; };
		D72F1C891DCF431800B29E41 /* Info.plist */ = {isa = PBXFileReference; lastKnownFileType = text.plist.xml; path = Info.plist; sourceTree = "<group>"; };
		D72F1C8F1DCF7EAE00B29E41 /* MSGeneralTableViewCell.h */ = {isa = PBXFileReference; fileEncoding = 4; lastKnownFileType = sourcecode.c.h; path = MSGeneralTableViewCell.h; sourceTree = "<group>"; };
		D72F1C901DCF7EAE00B29E41 /* MSGeneralTableViewCell.m */ = {isa = PBXFileReference; fileEncoding = 4; lastKnownFileType = sourcecode.c.objc; path = MSGeneralTableViewCell.m; sourceTree = "<group>"; };
		D72F1C921DCF8A4800B29E41 /* MSDataListViewController.h */ = {isa = PBXFileReference; fileEncoding = 4; lastKnownFileType = sourcecode.c.h; path = MSDataListViewController.h; sourceTree = "<group>"; };
		D72F1C931DCF8A4800B29E41 /* MSDataListViewController.m */ = {isa = PBXFileReference; fileEncoding = 4; lastKnownFileType = sourcecode.c.objc; path = MSDataListViewController.m; sourceTree = "<group>"; };
		D72F1C951DCF8C7A00B29E41 /* MSDataListTableViewCell.h */ = {isa = PBXFileReference; fileEncoding = 4; lastKnownFileType = sourcecode.c.h; path = MSDataListTableViewCell.h; sourceTree = "<group>"; };
		D72F1C961DCF8C7A00B29E41 /* MSDataListTableViewCell.m */ = {isa = PBXFileReference; fileEncoding = 4; lastKnownFileType = sourcecode.c.objc; path = MSDataListTableViewCell.m; sourceTree = "<group>"; };
/* End PBXFileReference section */

/* Begin PBXFrameworksBuildPhase section */
		D72F1C721DCF431700B29E41 /* Frameworks */ = {
			isa = PBXFrameworksBuildPhase;
			buildActionMask = 2147483647;
			files = (
			);
			runOnlyForDeploymentPostprocessing = 0;
		};
/* End PBXFrameworksBuildPhase section */

/* Begin PBXGroup section */
		D72F1C6C1DCF431700B29E41 = {
			isa = PBXGroup;
			children = (
				D72F1C771DCF431800B29E41 /* UITableViewUsage */,
				D72F1C761DCF431800B29E41 /* Products */,
			);
			sourceTree = "<group>";
		};
		D72F1C761DCF431800B29E41 /* Products */ = {
			isa = PBXGroup;
			children = (
				D72F1C751DCF431800B29E41 /* UITableViewUsage.app */,
			);
			name = Products;
			sourceTree = "<group>";
		};
		D72F1C771DCF431800B29E41 /* UITableViewUsage */ = {
			isa = PBXGroup;
			children = (
				D72F1C7B1DCF431800B29E41 /* AppDelegate.h */,
				D72F1C7C1DCF431800B29E41 /* AppDelegate.m */,
				D72F1C7E1DCF431800B29E41 /* ViewController.h */,
				D72F1C7F1DCF431800B29E41 /* ViewController.m */,
				D72F1C8F1DCF7EAE00B29E41 /* MSGeneralTableViewCell.h */,
				D72F1C901DCF7EAE00B29E41 /* MSGeneralTableViewCell.m */,
				D72F1C811DCF431800B29E41 /* Main.storyboard */,
				D72F1C841DCF431800B29E41 /* Assets.xcassets */,
				D72F1C861DCF431800B29E41 /* LaunchScreen.storyboard */,
				D72F1C891DCF431800B29E41 /* Info.plist */,
				D72F1C781DCF431800B29E41 /* Supporting Files */,
				D72F1C921DCF8A4800B29E41 /* MSDataListViewController.h */,
				D72F1C931DCF8A4800B29E41 /* MSDataListViewController.m */,
				D72F1C951DCF8C7A00B29E41 /* MSDataListTableViewCell.h */,
				D72F1C961DCF8C7A00B29E41 /* MSDataListTableViewCell.m */,
			);
			path = UITableViewUsage;
			sourceTree = "<group>";
		};
		D72F1C781DCF431800B29E41 /* Supporting Files */ = {
			isa = PBXGroup;
			children = (
				D72F1C791DCF431800B29E41 /* main.m */,
			);
			name = "Supporting Files";
			sourceTree = "<group>";
		};
/* End PBXGroup section */

/* Begin PBXNativeTarget section */
		D72F1C741DCF431700B29E41 /* UITableViewUsage */ = {
			isa = PBXNativeTarget;
			buildConfigurationList = D72F1C8C1DCF431800B29E41 /* Build configuration list for PBXNativeTarget "UITableViewUsage" */;
			buildPhases = (
				D72F1C711DCF431700B29E41 /* Sources */,
				D72F1C721DCF431700B29E41 /* Frameworks */,
				D72F1C731DCF431700B29E41 /* Resources */,
			);
			buildRules = (
			);
			dependencies = (
			);
			name = UITableViewUsage;
			productName = UITableViewUsage;
			productReference = D72F1C751DCF431800B29E41 /* UITableViewUsage.app */;
			productType = "com.apple.product-type.application";
		};
/* End PBXNativeTarget section */

/* Begin PBXProject section */
		D72F1C6D1DCF431700B29E41 /* Project object */ = {
			isa = PBXProject;
			attributes = {
				LastUpgradeCheck = 0800;
				ORGANIZATIONNAME = mesird;
				TargetAttributes = {
					D72F1C741DCF431700B29E41 = {
						CreatedOnToolsVersion = 8.0;
						DevelopmentTeam = WZ4EP5ZM3Y;
						ProvisioningStyle = Automatic;
					};
				};
			};
			buildConfigurationList = D72F1C701DCF431700B29E41 /* Build configuration list for PBXProject "UITableViewUsage" */;
			compatibilityVersion = "Xcode 3.2";
			developmentRegion = English;
			hasScannedForEncodings = 0;
			knownRegions = (
				en,
				Base,
			);
			mainGroup = D72F1C6C1DCF431700B29E41;
			productRefGroup = D72F1C761DCF431800B29E41 /* Products */;
			projectDirPath = "";
			projectRoot = "";
			targets = (
				D72F1C741DCF431700B29E41 /* UITableViewUsage */,
			);
		};
/* End PBXProject section */

/* Begin PBXResourcesBuildPhase section */
		D72F1C731DCF431700B29E41 /* Resources */ = {
			isa = PBXResourcesBuildPhase;
			buildActionMask = 2147483647;
			files = (
				D72F1C881DCF431800B29E41 /* LaunchScreen.storyboard in Resources */,
				D72F1C851DCF431800B29E41 /* Assets.xcassets in Resources */,
				D72F1C831DCF431800B29E41 /* Main.storyboard in Resources */,
			);
			runOnlyForDeploymentPostprocessing = 0;
		};
/* End PBXResourcesBuildPhase section */

/* Begin PBXSourcesBuildPhase section */
		D72F1C711DCF431700B29E41 /* Sources */ = {
			isa = PBXSourcesBuildPhase;
			buildActionMask = 2147483647;
			files = (
				D72F1C911DCF7EAE00B29E41 /* MSGeneralTableViewCell.m in Sources */,
				D72F1C971DCF8C7A00B29E41 /* MSDataListTableViewCell.m in Sources */,
				D72F1C941DCF8A4800B29E41 /* MSDataListViewController.m in Sources */,
				D72F1C801DCF431800B29E41 /* ViewController.m in Sources */,
				D72F1C7D1DCF431800B29E41 /* AppDelegate.m in Sources */,
				D72F1C7A1DCF431800B29E41 /* main.m in Sources */,
			);
			runOnlyForDeploymentPostprocessing = 0;
		};
/* End PBXSourcesBuildPhase section */

/* Begin PBXVariantGroup section */
		D72F1C811DCF431800B29E41 /* Main.storyboard */ = {
			isa = PBXVariantGroup;
			children = (
				D72F1C821DCF431800B29E41 /* Base */,
			);
			name = Main.storyboard;
			sourceTree = "<group>";
		};
		D72F1C861DCF431800B29E41 /* LaunchScreen.storyboard */ = {
			isa = PBXVariantGroup;
			children = (
				D72F1C871DCF431800B29E41 /* Base */,
			);
			name = LaunchScreen.storyboard;
			sourceTree = "<group>";
		};
/* End PBXVariantGroup section */

/* Begin XCBuildConfiguration section */
		D72F1C8A1DCF431800B29E41 /* Debug */ = {
			isa = XCBuildConfiguration;
			buildSettings = {
				ALWAYS_SEARCH_USER_PATHS = NO;
				CLANG_ANALYZER_NONNULL = YES;
				CLANG_CXX_LANGUAGE_STANDARD = "gnu++0x";
				CLANG_CXX_LIBRARY = "libc++";
				CLANG_ENABLE_MODULES = YES;
				CLANG_ENABLE_OBJC_ARC = YES;
				CLANG_WARN_BOOL_CONVERSION = YES;
				CLANG_WARN_CONSTANT_CONVERSION = YES;
				CLANG_WARN_DIRECT_OBJC_ISA_USAGE = YES_ERROR;
				CLANG_WARN_DOCUMENTATION_COMMENTS = YES;
				CLANG_WARN_EMPTY_BODY = YES;
				CLANG_WARN_ENUM_CONVERSION = YES;
				CLANG_WARN_INFINITE_RECURSION = YES;
				CLANG_WARN_INT_CONVERSION = YES;
				CLANG_WARN_OBJC_ROOT_CLASS = YES_ERROR;
				CLANG_WARN_SUSPICIOUS_MOVES = YES;
				CLANG_WARN_UNREACHABLE_CODE = YES;
				CLANG_WARN__DUPLICATE_METHOD_MATCH = YES;
				"CODE_SIGN_IDENTITY[sdk=iphoneos*]" = "iPhone Developer";
				COPY_PHASE_STRIP = NO;
				DEBUG_INFORMATION_FORMAT = dwarf;
				ENABLE_STRICT_OBJC_MSGSEND = YES;
				ENABLE_TESTABILITY = YES;
				GCC_C_LANGUAGE_STANDARD = gnu99;
				GCC_DYNAMIC_NO_PIC = NO;
				GCC_NO_COMMON_BLOCKS = YES;
				GCC_OPTIMIZATION_LEVEL = 0;
				GCC_PREPROCESSOR_DEFINITIONS = (
					"DEBUG=1",
					"$(inherited)",
				);
				GCC_WARN_64_TO_32_BIT_CONVERSION = YES;
				GCC_WARN_ABOUT_RETURN_TYPE = YES_ERROR;
				GCC_WARN_UNDECLARED_SELECTOR = YES;
				GCC_WARN_UNINITIALIZED_AUTOS = YES_AGGRESSIVE;
				GCC_WARN_UNUSED_FUNCTION = YES;
				GCC_WARN_UNUSED_VARIABLE = YES;
				IPHONEOS_DEPLOYMENT_TARGET = 10.0;
				MTL_ENABLE_DEBUG_INFO = YES;
				ONLY_ACTIVE_ARCH = YES;
				SDKROOT = iphoneos;
			};
			name = Debug;
		};
		D72F1C8B1DCF431800B29E41 /* Release */ = {
			isa = XCBuildConfiguration;
			buildSettings = {
				ALWAYS_SEARCH_USER_PATHS = NO;
				CLANG_ANALYZER_NONNULL = YES;
				CLANG_CXX_LANGUAGE_STANDARD = "gnu++0x";
				CLANG_CXX_LIBRARY = "libc++";
				CLANG_ENABLE_MODULES = YES;
				CLANG_ENABLE_OBJC_ARC = YES;
				CLANG_WARN_BOOL_CONVERSION = YES;
				CLANG_WARN_CONSTANT_CONVERSION = YES;
				CLANG_WARN_DIRECT_OBJC_ISA_USAGE = YES_ERROR;
				CLANG_WARN_DOCUMENTATION_COMMENTS = YES;
				CLANG_WARN_EMPTY_BODY = YES;
				CLANG_WARN_ENUM_CONVERSION = YES;
				CLANG_WARN_INFINITE_RECURSION = YES;
				CLANG_WARN_INT_CONVERSION = YES;
				CLANG_WARN_OBJC_ROOT_CLASS = YES_ERROR;
				CLANG_WARN_SUSPICIOUS_MOVES = YES;
				CLANG_WARN_UNREACHABLE_CODE = YES;
				CLANG_WARN__DUPLICATE_METHOD_MATCH = YES;
				"CODE_SIGN_IDENTITY[sdk=iphoneos*]" = "iPhone Developer";
				COPY_PHASE_STRIP = NO;
				DEBUG_INFORMATION_FORMAT = "dwarf-with-dsym";
				ENABLE_NS_ASSERTIONS = NO;
				ENABLE_STRICT_OBJC_MSGSEND = YES;
				GCC_C_LANGUAGE_STANDARD = gnu99;
				GCC_NO_COMMON_BLOCKS = YES;
				GCC_WARN_64_TO_32_BIT_CONVERSION = YES;
				GCC_WARN_ABOUT_RETURN_TYPE = YES_ERROR;
				GCC_WARN_UNDECLARED_SELECTOR = YES;
				GCC_WARN_UNINITIALIZED_AUTOS = YES_AGGRESSIVE;
				GCC_WARN_UNUSED_FUNCTION = YES;
				GCC_WARN_UNUSED_VARIABLE = YES;
				IPHONEOS_DEPLOYMENT_TARGET = 10.0;
				MTL_ENABLE_DEBUG_INFO = NO;
				SDKROOT = iphoneos;
				VALIDATE_PRODUCT = YES;
			};
			name = Release;
		};
		D72F1C8D1DCF431800B29E41 /* Debug */ = {
			isa = XCBuildConfiguration;
			buildSettings = {
				ASSETCATALOG_COMPILER_APPICON_NAME = AppIcon;
				DEVELOPMENT_TEAM = WZ4EP5ZM3Y;
				INFOPLIST_FILE = UITableViewUsage/Info.plist;
				LD_RUNPATH_SEARCH_PATHS = "$(inherited) @executable_path/Frameworks";
				PRODUCT_BUNDLE_IDENTIFIER = com.mesird.UITableViewUsage;
				PRODUCT_NAME = "$(TARGET_NAME)";
			};
			name = Debug;
		};
		D72F1C8E1DCF431800B29E41 /* Release */ = {
			isa = XCBuildConfiguration;
			buildSettings = {
				ASSETCATALOG_COMPILER_APPICON_NAME = AppIcon;
				DEVELOPMENT_TEAM = WZ4EP5ZM3Y;
				INFOPLIST_FILE = UITableViewUsage/Info.plist;
				LD_RUNPATH_SEARCH_PATHS = "$(inherited) @executable_path/Frameworks";
				PRODUCT_BUNDLE_IDENTIFIER = com.mesird.UITableViewUsage;
				PRODUCT_NAME = "$(TARGET_NAME)";
			};
			name = Release;
		};
/* End XCBuildConfiguration section */

/* Begin XCConfigurationList section */
		D72F1C701DCF431700B29E41 /* Build configuration list for PBXProject "UITableViewUsage" */ = {
			isa = XCConfigurationList;
			buildConfigurations = (
				D72F1C8A1DCF431800B29E41 /* Debug */,
				D72F1C8B1DCF431800B29E41 /* Release */,
			);
			defaultConfigurationIsVisible = 0;
			defaultConfigurationName = Release;
		};
		D72F1C8C1DCF431800B29E41 /* Build configuration list for PBXNativeTarget "UITableViewUsage" */ = {
			isa = XCConfigurationList;
			buildConfigurations = (
				D72F1C8D1DCF431800B29E41 /* Debug */,
				D72F1C8E1DCF431800B29E41 /* Release */,
			);
			defaultConfigurationIsVisible = 0;
		};
/* End XCConfigurationList section */
	};
	rootObject = D72F1C6D1DCF431700B29E41 /* Project object */;
}
